
Microsoft Visual Studio Solution File, Format Version 12.00
# Visual Studio 14
VisualStudioVersion = 14.0.25420.1
MinimumVisualStudioVersion = 10.0.40219.1
Project("{FAE04EC0-301F-11D3-BF4B-00C04F79EFBC}") = "oddFiles", "oddFiles\oddFiles.csproj", "{C140BC6A-3E93-4628-8256-97E295BFB2D6}"
EndProject
Project("{FAE04EC0-301F-11D3-BF4B-00C04F79EFBC}") = "lineNumbers", "lineNumbers\lineNumbers.csproj", "{8BB30C87-EA50-4AA8-9094-DF2B2768F985}"
EndProject
Project("{FAE04EC0-301F-11D3-BF4B-00C04F79EFBC}") = "wordCount", "wordCount\wordCount.csproj", "{055FBCBA-A82C-492D-9437-A7D0F9244190}"
EndProject
Project("{FAE04EC0-301F-11D3-BF4B-00C04F79EFBC}") = "calculateFolderSize", "calculateFolderSize\calculateFolderSize.csproj", "{5C6ED5E1-BF27-499C-A4D3-D1DD87447647}"
EndProject
Global
	GlobalSection(SolutionConfigurationPlatforms) = preSolution
		Debug|Any CPU = Debug|Any CPU
		Release|Any CPU = Release|Any CPU
	EndGlobalSection
	GlobalSection(ProjectConfigurationPlatforms) = postSolution
		{C140BC6A-3E93-4628-8256-97E295BFB2D6}.Debug|Any CPU.ActiveCfg = Debug|Any CPU
		{C140BC6A-3E93-4628-8256-97E295BFB2D6}.Debug|Any CPU.Build.0 = Debug|Any CPU
		{C140BC6A-3E93-4628-8256-97E295BFB2D6}.Release|Any CPU.ActiveCfg = Release|Any CPU
		{C140BC6A-3E93-4628-8256-97E295BFB2D6}.Release|Any CPU.Build.0 = Release|Any CPU
		{8BB30C87-EA50-4AA8-9094-DF2B2768F985}.Debug|Any CPU.ActiveCfg = Debug|Any CPU
		{8BB30C87-EA50-4AA8-9094-DF2B2768F985}.Debug|Any CPU.Build.0 = Debug|Any CPU
		{8BB30C87-EA50-4AA8-9094-DF2B2768F985}.Release|Any CPU.ActiveCfg = Release|Any CPU
		{8BB30C87-EA50-4AA8-9094-DF2B2768F985}.Release|Any CPU.Build.0 = Release|Any CPU
		{055FBCBA-A82C-492D-9437-A7D0F9244190}.Debug|Any CPU.ActiveCfg = Debug|Any CPU
		{055FBCBA-A82C-492D-9437-A7D0F9244190}.Debug|Any CPU.Build.0 = Debug|Any CPU
		{055FBCBA-A82C-492D-9437-A7D0F9244190}.Release|Any CPU.ActiveCfg = Release|Any CPU
		{055FBCBA-A82C-492D-9437-A7D0F9244190}.Release|Any CPU.Build.0 = Release|Any CPU
		{5C6ED5E1-BF27-499C-A4D3-D1DD87447647}.Debug|Any CPU.ActiveCfg = Debug|Any CPU
		{5C6ED5E1-BF27-499C-A4D3-D1DD87447647}.Debug|Any CPU.Build.0 = Debug|Any CPU
		{5C6ED5E1-BF27-499C-A4D3-D1DD87447647}.Release|Any CPU.ActiveCfg = Release|Any CPU
		{5C6ED5E1-BF27-499C-A4D3-D1DD87447647}.Release|Any CPU.Build.0 = Release|Any CPU
	EndGlobalSection
	GlobalSection(SolutionProperties) = preSolution
		HideSolutionNode = FALSE
	EndGlobalSection
EndGlobal
