
Microsoft Visual Studio Solution File, Format Version 12.00
# Visual Studio 14
VisualStudioVersion = 14.0.25420.1
MinimumVisualStudioVersion = 10.0.40219.1
Project("{FAE04EC0-301F-11D3-BF4B-00C04F79EFBC}") = "CenturiesToMinutes", "CenturiesToMinutes\CenturiesToMinutes.csproj", "{CDA3908B-A91F-492D-B044-30FE2B91517F}"
EndProject
Project("{FAE04EC0-301F-11D3-BF4B-00C04F79EFBC}") = "CircleArea", "CircleArea\CircleArea.csproj", "{A57E2991-92C9-48CF-A5A4-6862081537F2}"
EndProject
Project("{FAE04EC0-301F-11D3-BF4B-00C04F79EFBC}") = "ExactSumOfRealNumbers", "ExactSumOfRealNumbers\ExactSumOfRealNumbers.csproj", "{0D1FD43D-ED76-40FE-80FC-E9701AE329F4}"
EndProject
Project("{FAE04EC0-301F-11D3-BF4B-00C04F79EFBC}") = "elevator", "elevator\elevator.csproj", "{27B05D4F-AEA7-45F4-BC1C-710485F26B2D}"
EndProject
Project("{FAE04EC0-301F-11D3-BF4B-00C04F79EFBC}") = "specialNumbers", "specialNumbers\specialNumbers.csproj", "{D89F9A8E-AE01-4037-9CD1-27DCC7572C66}"
EndProject
Project("{FAE04EC0-301F-11D3-BF4B-00C04F79EFBC}") = "tripleOfLatinLetters", "tripleOfLatinLetters\tripleOfLatinLetters.csproj", "{CF89E13E-383F-4C17-B810-1268BE44F9D8}"
EndProject
Project("{FAE04EC0-301F-11D3-BF4B-00C04F79EFBC}") = "greetings", "greetings\greetings.csproj", "{E174C5F0-F0DC-44E8-8CF3-BF5D4D403C3A}"
EndProject
Global
	GlobalSection(SolutionConfigurationPlatforms) = preSolution
		Debug|Any CPU = Debug|Any CPU
		Release|Any CPU = Release|Any CPU
	EndGlobalSection
	GlobalSection(ProjectConfigurationPlatforms) = postSolution
		{CDA3908B-A91F-492D-B044-30FE2B91517F}.Debug|Any CPU.ActiveCfg = Debug|Any CPU
		{CDA3908B-A91F-492D-B044-30FE2B91517F}.Debug|Any CPU.Build.0 = Debug|Any CPU
		{CDA3908B-A91F-492D-B044-30FE2B91517F}.Release|Any CPU.ActiveCfg = Release|Any CPU
		{CDA3908B-A91F-492D-B044-30FE2B91517F}.Release|Any CPU.Build.0 = Release|Any CPU
		{A57E2991-92C9-48CF-A5A4-6862081537F2}.Debug|Any CPU.ActiveCfg = Debug|Any CPU
		{A57E2991-92C9-48CF-A5A4-6862081537F2}.Debug|Any CPU.Build.0 = Debug|Any CPU
		{A57E2991-92C9-48CF-A5A4-6862081537F2}.Release|Any CPU.ActiveCfg = Release|Any CPU
		{A57E2991-92C9-48CF-A5A4-6862081537F2}.Release|Any CPU.Build.0 = Release|Any CPU
		{0D1FD43D-ED76-40FE-80FC-E9701AE329F4}.Debug|Any CPU.ActiveCfg = Debug|Any CPU
		{0D1FD43D-ED76-40FE-80FC-E9701AE329F4}.Debug|Any CPU.Build.0 = Debug|Any CPU
		{0D1FD43D-ED76-40FE-80FC-E9701AE329F4}.Release|Any CPU.ActiveCfg = Release|Any CPU
		{0D1FD43D-ED76-40FE-80FC-E9701AE329F4}.Release|Any CPU.Build.0 = Release|Any CPU
		{27B05D4F-AEA7-45F4-BC1C-710485F26B2D}.Debug|Any CPU.ActiveCfg = Debug|Any CPU
		{27B05D4F-AEA7-45F4-BC1C-710485F26B2D}.Debug|Any CPU.Build.0 = Debug|Any CPU
		{27B05D4F-AEA7-45F4-BC1C-710485F26B2D}.Release|Any CPU.ActiveCfg = Release|Any CPU
		{27B05D4F-AEA7-45F4-BC1C-710485F26B2D}.Release|Any CPU.Build.0 = Release|Any CPU
		{D89F9A8E-AE01-4037-9CD1-27DCC7572C66}.Debug|Any CPU.ActiveCfg = Debug|Any CPU
		{D89F9A8E-AE01-4037-9CD1-27DCC7572C66}.Debug|Any CPU.Build.0 = Debug|Any CPU
		{D89F9A8E-AE01-4037-9CD1-27DCC7572C66}.Release|Any CPU.ActiveCfg = Release|Any CPU
		{D89F9A8E-AE01-4037-9CD1-27DCC7572C66}.Release|Any CPU.Build.0 = Release|Any CPU
		{CF89E13E-383F-4C17-B810-1268BE44F9D8}.Debug|Any CPU.ActiveCfg = Debug|Any CPU
		{CF89E13E-383F-4C17-B810-1268BE44F9D8}.Debug|Any CPU.Build.0 = Debug|Any CPU
		{CF89E13E-383F-4C17-B810-1268BE44F9D8}.Release|Any CPU.ActiveCfg = Release|Any CPU
		{CF89E13E-383F-4C17-B810-1268BE44F9D8}.Release|Any CPU.Build.0 = Release|Any CPU
		{E174C5F0-F0DC-44E8-8CF3-BF5D4D403C3A}.Debug|Any CPU.ActiveCfg = Debug|Any CPU
		{E174C5F0-F0DC-44E8-8CF3-BF5D4D403C3A}.Debug|Any CPU.Build.0 = Debug|Any CPU
		{E174C5F0-F0DC-44E8-8CF3-BF5D4D403C3A}.Release|Any CPU.ActiveCfg = Release|Any CPU
		{E174C5F0-F0DC-44E8-8CF3-BF5D4D403C3A}.Release|Any CPU.Build.0 = Release|Any CPU
	EndGlobalSection
	GlobalSection(SolutionProperties) = preSolution
		HideSolutionNode = FALSE
	EndGlobalSection
EndGlobal
